
Microsoft Visual Studio Solution File, Format Version 12.00
# Visual Studio 15
VisualStudioVersion = 15.0.28307.572
MinimumVisualStudioVersion = 10.0.40219.1
Project("{FAE04EC0-301F-11D3-BF4B-00C04F79EFBC}") = "电网数据", "电网数据\电网数据.csproj", "{7630159C-D68B-4459-97F2-1E38D8661C29}"
EndProject
Global
	GlobalSection(SolutionConfigurationPlatforms) = preSolution
		Debug|Any CPU = Debug|Any CPU
		Release|Any CPU = Release|Any CPU
	EndGlobalSection
	GlobalSection(ProjectConfigurationPlatforms) = postSolution
		{7630159C-D68B-4459-97F2-1E38D8661C29}.Debug|Any CPU.ActiveCfg = Debug|Any CPU
		{7630159C-D68B-4459-97F2-1E38D8661C29}.Debug|Any CPU.Build.0 = Debug|Any CPU
		{7630159C-D68B-4459-97F2-1E38D8661C29}.Release|Any CPU.ActiveCfg = Release|Any CPU
		{7630159C-D68B-4459-97F2-1E38D8661C29}.Release|Any CPU.Build.0 = Release|Any CPU
	EndGlobalSection
	GlobalSection(SolutionProperties) = preSolution
		HideSolutionNode = FALSE
	EndGlobalSection
	GlobalSection(ExtensibilityGlobals) = postSolution
		SolutionGuid = {001C3CBB-81F4-4CDF-9286-047C5AFB2DF1}
	EndGlobalSection
EndGlobal
